<Solution>
  <Folder Name="/backend/">
    <Project Path="../../../../../../../../Data/Projects/nlayer_base/backend/BusinessLogicLayer/BusinessLogicLayer.csproj" />
    <Project Path="../../../../../../../../Data/Projects/nlayer_base/backend/DataAccessLayer/DataAccessLayer.csproj" />
    <Project Path="../../../../../../../../Data/Projects/nlayer_base/backend/PresentationLayer/PresentationLayer.csproj" />
  </Folder>
  <Folder Name="/Solution Items/">
    <File Path=".gitignore" />
  </Folder>
</Solution>
